# This file is automatically @generated by Cargo.
# It is not intended for manual editing.
[[package]]
name = "countdown_solver"
version = "0.1.0"
dependencies = [
 "itertools",
 "threadpool",
]

[[package]]
name = "either"
version = "1.6.1"
source = "registry+https://github.com/rust-lang/crates.io-index"
checksum = "e78d4f1cc4ae33bbfc157ed5d5a5ef3bc29227303d595861deb238fcec4e9457"

[[package]]
name = "hermit-abi"
version = "0.1.18"
source = "registry+https://github.com/rust-lang/crates.io-index"
checksum = "322f4de77956e22ed0e5032c359a0f1273f1f7f0d79bfa3b8ffbc730d7fbcc5c"
dependencies = [
 "libc",
]

[[package]]
name = "itertools"
version = "0.10.0"
source = "registry+https://github.com/rust-lang/crates.io-index"
checksum = "37d572918e350e82412fe766d24b15e6682fb2ed2bbe018280caa810397cb319"
dependencies = [
 "either",
]

[[package]]
name = "libc"
version = "0.2.90"
source = "registry+https://github.com/rust-lang/crates.io-index"
checksum = "ba4aede83fc3617411dc6993bc8c70919750c1c257c6ca6a502aed6e0e2394ae"

[[package]]
name = "num_cpus"
version = "1.13.0"
source = "registry+https://github.com/rust-lang/crates.io-index"
checksum = "05499f3756671c15885fee9034446956fff3f243d6077b91e5767df161f766b3"
dependencies = [
 "hermit-abi",
 "libc",
]

[[package]]
name = "threadpool"
version = "1.8.1"
source = "registry+https://github.com/rust-lang/crates.io-index"
checksum = "d050e60b33d41c19108b32cea32164033a9013fe3b46cbd4457559bfbf77afaa"
dependencies = [
 "num_cpus",
]
